// !$*UTF8*$!
{
	archiveVersion = 1;
	classes = {
	};
	objectVersion = 50;
	objects = {

/* Begin PBXBuildFile section */
		CEEC67ED266F5D0900678948 /* AppDelegate.swift in Sources */ = {isa = PBXBuildFile; fileRef = CEEC67EC266F5D0900678948 /* AppDelegate.swift */; };
		CEEC67EF266F5D0900678948 /* SceneDelegate.swift in Sources */ = {isa = PBXBuildFile; fileRef = CEEC67EE266F5D0900678948 /* SceneDelegate.swift */; };
		CEEC67F1266F5D0900678948 /* ViewController.swift in Sources */ = {isa = PBXBuildFile; fileRef = CEEC67F0266F5D0900678948 /* ViewController.swift */; };
		CEEC67F4266F5D0900678948 /* Main.storyboard in Resources */ = {isa = PBXBuildFile; fileRef = CEEC67F2266F5D0900678948 /* Main.storyboard */; };
		CEEC67F6266F5D0A00678948 /* Assets.xcassets in Resources */ = {isa = PBXBuildFile; fileRef = CEEC67F5266F5D0A00678948 /* Assets.xcassets */; };
		CEEC67F9266F5D0A00678948 /* LaunchScreen.storyboard in Resources */ = {isa = PBXBuildFile; fileRef = CEEC67F7266F5D0A00678948 /* LaunchScreen.storyboard */; };
/* End PBXBuildFile section */

/* Begin PBXFileReference section */
		CEEC67E9266F5D0900678948 /* Calculater_Pavlov.app */ = {isa = PBXFileReference; explicitFileType = wrapper.application; includeInIndex = 0; path = Calculater_Pavlov.app; sourceTree = BUILT_PRODUCTS_DIR; };
		CEEC67EC266F5D0900678948 /* AppDelegate.swift */ = {isa = PBXFileReference; lastKnownFileType = sourcecode.swift; path = AppDelegate.swift; sourceTree = "<group>"; };
		CEEC67EE266F5D0900678948 /* SceneDelegate.swift */ = {isa = PBXFileReference; lastKnownFileType = sourcecode.swift; path = SceneDelegate.swift; sourceTree = "<group>"; };
		CEEC67F0266F5D0900678948 /* ViewController.swift */ = {isa = PBXFileReference; lastKnownFileType = sourcecode.swift; path = ViewController.swift; sourceTree = "<group>"; };
		CEEC67F3266F5D0900678948 /* Base */ = {isa = PBXFileReference; lastKnownFileType = file.storyboard; name = Base; path = Base.lproj/Main.storyboard; sourceTree = "<group>"; };
		CEEC67F5266F5D0A00678948 /* Assets.xcassets */ = {isa = PBXFileReference; lastKnownFileType = folder.assetcatalog; path = Assets.xcassets; sourceTree = "<group>"; };
		CEEC67F8266F5D0A00678948 /* Base */ = {isa = PBXFileReference; lastKnownFileType = file.storyboard; name = Base; path = Base.lproj/LaunchScreen.storyboard; sourceTree = "<group>"; };
		CEEC67FA266F5D0A00678948 /* Info.plist */ = {isa = PBXFileReference; lastKnownFileType = text.plist.xml; path = Info.plist; sourceTree = "<group>"; };
/* End PBXFileReference section */

/* Begin PBXFrameworksBuildPhase section */
		CEEC67E6266F5D0900678948 /* Frameworks */ = {
			isa = PBXFrameworksBuildPhase;
			buildActionMask = 2147483647;
			files = (
			);
			runOnlyForDeploymentPostprocessing = 0;
		};
/* End PBXFrameworksBuildPhase section */

/* Begin PBXGroup section */
		CEEC67E0266F5D0900678948 = {
			isa = PBXGroup;
			children = (
				CEEC67EB266F5D0900678948 /* Calculater_Pavlov */,
				CEEC67EA266F5D0900678948 /* Products */,
			);
			sourceTree = "<group>";
		};
		CEEC67EA266F5D0900678948 /* Products */ = {
			isa = PBXGroup;
			children = (
				CEEC67E9266F5D0900678948 /* Calculater_Pavlov.app */,
			);
			name = Products;
			sourceTree = "<group>";
		};
		CEEC67EB266F5D0900678948 /* Calculater_Pavlov */ = {
			isa = PBXGroup;
			children = (
				CEEC67EC266F5D0900678948 /* AppDelegate.swift */,
				CEEC67EE266F5D0900678948 /* SceneDelegate.swift */,
				CEEC67F0266F5D0900678948 /* ViewController.swift */,
				CEEC67F2266F5D0900678948 /* Main.storyboard */,
				CEEC67F5266F5D0A00678948 /* Assets.xcassets */,
				CEEC67F7266F5D0A00678948 /* LaunchScreen.storyboard */,
				CEEC67FA266F5D0A00678948 /* Info.plist */,
			);
			path = Calculater_Pavlov;
			sourceTree = "<group>";
		};
/* End PBXGroup section */

/* Begin PBXNativeTarget section */
		CEEC67E8266F5D0900678948 /* Calculater_Pavlov */ = {
			isa = PBXNativeTarget;
			buildConfigurationList = CEEC67FD266F5D0A00678948 /* Build configuration list for PBXNativeTarget "Calculater_Pavlov" */;
			buildPhases = (
				CEEC67E5266F5D0900678948 /* Sources */,
				CEEC67E6266F5D0900678948 /* Frameworks */,
				CEEC67E7266F5D0900678948 /* Resources */,
			);
			buildRules = (
			);
			dependencies = (
			);
			name = Calculater_Pavlov;
			productName = Calculater_Pavlov;
			productReference = CEEC67E9266F5D0900678948 /* Calculater_Pavlov.app */;
			productType = "com.apple.product-type.application";
		};
/* End PBXNativeTarget section */

/* Begin PBXProject section */
		CEEC67E1266F5D0900678948 /* Project object */ = {
			isa = PBXProject;
			attributes = {
				LastSwiftUpdateCheck = 1240;
				LastUpgradeCheck = 1240;
				TargetAttributes = {
					CEEC67E8266F5D0900678948 = {
						CreatedOnToolsVersion = 12.4;
					};
				};
			};
			buildConfigurationList = CEEC67E4266F5D0900678948 /* Build configuration list for PBXProject "Calculater_Pavlov" */;
			compatibilityVersion = "Xcode 9.3";
			developmentRegion = en;
			hasScannedForEncodings = 0;
			knownRegions = (
				en,
				Base,
			);
			mainGroup = CEEC67E0266F5D0900678948;
			productRefGroup = CEEC67EA266F5D0900678948 /* Products */;
			projectDirPath = "";
			projectRoot = "";
			targets = (
				CEEC67E8266F5D0900678948 /* Calculater_Pavlov */,
			);
		};
/* End PBXProject section */

/* Begin PBXResourcesBuildPhase section */
		CEEC67E7266F5D0900678948 /* Resources */ = {
			isa = PBXResourcesBuildPhase;
			buildActionMask = 2147483647;
			files = (
				CEEC67F9266F5D0A00678948 /* LaunchScreen.storyboard in Resources */,
				CEEC67F6266F5D0A00678948 /* Assets.xcassets in Resources */,
				CEEC67F4266F5D0900678948 /* Main.storyboard in Resources */,
			);
			runOnlyForDeploymentPostprocessing = 0;
		};
/* End PBXResourcesBuildPhase section */

/* Begin PBXSourcesBuildPhase section */
		CEEC67E5266F5D0900678948 /* Sources */ = {
			isa = PBXSourcesBuildPhase;
			buildActionMask = 2147483647;
			files = (
				CEEC67F1266F5D0900678948 /* ViewController.swift in Sources */,
				CEEC67ED266F5D0900678948 /* AppDelegate.swift in Sources */,
				CEEC67EF266F5D0900678948 /* SceneDelegate.swift in Sources */,
			);
			runOnlyForDeploymentPostprocessing = 0;
		};
/* End PBXSourcesBuildPhase section */

/* Begin PBXVariantGroup section */
		CEEC67F2266F5D0900678948 /* Main.storyboard */ = {
			isa = PBXVariantGroup;
			children = (
				CEEC67F3266F5D0900678948 /* Base */,
			);
			name = Main.storyboard;
			sourceTree = "<group>";
		};
		CEEC67F7266F5D0A00678948 /* LaunchScreen.storyboard */ = {
			isa = PBXVariantGroup;
			children = (
				CEEC67F8266F5D0A00678948 /* Base */,
			);
			name = LaunchScreen.storyboard;
			sourceTree = "<group>";
		};
/* End PBXVariantGroup section */

/* Begin XCBuildConfiguration section */
		CEEC67FB266F5D0A00678948 /* Debug */ = {
			isa = XCBuildConfiguration;
			buildSettings = {
				ALWAYS_SEARCH_USER_PATHS = NO;
				CLANG_ANALYZER_NONNULL = YES;
				CLANG_ANALYZER_NUMBER_OBJECT_CONVERSION = YES_AGGRESSIVE;
				CLANG_CXX_LANGUAGE_STANDARD = "gnu++14";
				CLANG_CXX_LIBRARY = "libc++";
				CLANG_ENABLE_MODULES = YES;
				CLANG_ENABLE_OBJC_ARC = YES;
				CLANG_ENABLE_OBJC_WEAK = YES;
				CLANG_WARN_BLOCK_CAPTURE_AUTORELEASING = YES;
				CLANG_WARN_BOOL_CONVERSION = YES;
				CLANG_WARN_COMMA = YES;
				CLANG_WARN_CONSTANT_CONVERSION = YES;
				CLANG_WARN_DEPRECATED_OBJC_IMPLEMENTATIONS = YES;
				CLANG_WARN_DIRECT_OBJC_ISA_USAGE = YES_ERROR;
				CLANG_WARN_DOCUMENTATION_COMMENTS = YES;
				CLANG_WARN_EMPTY_BODY = YES;
				CLANG_WARN_ENUM_CONVERSION = YES;
				CLANG_WARN_INFINITE_RECURSION = YES;
				CLANG_WARN_INT_CONVERSION = YES;
				CLANG_WARN_NON_LITERAL_NULL_CONVERSION = YES;
				CLANG_WARN_OBJC_IMPLICIT_RETAIN_SELF = YES;
				CLANG_WARN_OBJC_LITERAL_CONVERSION = YES;
				CLANG_WARN_OBJC_ROOT_CLASS = YES_ERROR;
				CLANG_WARN_QUOTED_INCLUDE_IN_FRAMEWORK_HEADER = YES;
				CLANG_WARN_RANGE_LOOP_ANALYSIS = YES;
				CLANG_WARN_STRICT_PROTOTYPES = YES;
				CLANG_WARN_SUSPICIOUS_MOVE = YES;
				CLANG_WARN_UNGUARDED_AVAILABILITY = YES_AGGRESSIVE;
				CLANG_WARN_UNREACHABLE_CODE = YES;
				CLANG_WARN__DUPLICATE_METHOD_MATCH = YES;
				COPY_PHASE_STRIP = NO;
				DEBUG_INFORMATION_FORMAT = dwarf;
				ENABLE_STRICT_OBJC_MSGSEND = YES;
				ENABLE_TESTABILITY = YES;
				GCC_C_LANGUAGE_STANDARD = gnu11;
				GCC_DYNAMIC_NO_PIC = NO;
				GCC_NO_COMMON_BLOCKS = YES;
				GCC_OPTIMIZATION_LEVEL = 0;
				GCC_PREPROCESSOR_DEFINITIONS = (
					"DEBUG=1",
					"$(inherited)",
				);
				GCC_WARN_64_TO_32_BIT_CONVERSION = YES;
				GCC_WARN_ABOUT_RETURN_TYPE = YES_ERROR;
				GCC_WARN_UNDECLARED_SELECTOR = YES;
				GCC_WARN_UNINITIALIZED_AUTOS = YES_AGGRESSIVE;
				GCC_WARN_UNUSED_FUNCTION = YES;
				GCC_WARN_UNUSED_VARIABLE = YES;
				IPHONEOS_DEPLOYMENT_TARGET = 14.4;
				MTL_ENABLE_DEBUG_INFO = INCLUDE_SOURCE;
				MTL_FAST_MATH = YES;
				ONLY_ACTIVE_ARCH = YES;
				SDKROOT = iphoneos;
				SWIFT_ACTIVE_COMPILATION_CONDITIONS = DEBUG;
				SWIFT_OPTIMIZATION_LEVEL = "-Onone";
			};
			name = Debug;
		};
		CEEC67FC266F5D0A00678948 /* Release */ = {
			isa = XCBuildConfiguration;
			buildSettings = {
				ALWAYS_SEARCH_USER_PATHS = NO;
				CLANG_ANALYZER_NONNULL = YES;
				CLANG_ANALYZER_NUMBER_OBJECT_CONVERSION = YES_AGGRESSIVE;
				CLANG_CXX_LANGUAGE_STANDARD = "gnu++14";
				CLANG_CXX_LIBRARY = "libc++";
				CLANG_ENABLE_MODULES = YES;
				CLANG_ENABLE_OBJC_ARC = YES;
				CLANG_ENABLE_OBJC_WEAK = YES;
				CLANG_WARN_BLOCK_CAPTURE_AUTORELEASING = YES;
				CLANG_WARN_BOOL_CONVERSION = YES;
				CLANG_WARN_COMMA = YES;
				CLANG_WARN_CONSTANT_CONVERSION = YES;
				CLANG_WARN_DEPRECATED_OBJC_IMPLEMENTATIONS = YES;
				CLANG_WARN_DIRECT_OBJC_ISA_USAGE = YES_ERROR;
				CLANG_WARN_DOCUMENTATION_COMMENTS = YES;
				CLANG_WARN_EMPTY_BODY = YES;
				CLANG_WARN_ENUM_CONVERSION = YES;
				CLANG_WARN_INFINITE_RECURSION = YES;
				CLANG_WARN_INT_CONVERSION = YES;
				CLANG_WARN_NON_LITERAL_NULL_CONVERSION = YES;
				CLANG_WARN_OBJC_IMPLICIT_RETAIN_SELF = YES;
				CLANG_WARN_OBJC_LITERAL_CONVERSION = YES;
				CLANG_WARN_OBJC_ROOT_CLASS = YES_ERROR;
				CLANG_WARN_QUOTED_INCLUDE_IN_FRAMEWORK_HEADER = YES;
				CLANG_WARN_RANGE_LOOP_ANALYSIS = YES;
				CLANG_WARN_STRICT_PROTOTYPES = YES;
				CLANG_WARN_SUSPICIOUS_MOVE = YES;
				CLANG_WARN_UNGUARDED_AVAILABILITY = YES_AGGRESSIVE;
				CLANG_WARN_UNREACHABLE_CODE = YES;
				CLANG_WARN__DUPLICATE_METHOD_MATCH = YES;
				COPY_PHASE_STRIP = NO;
				DEBUG_INFORMATION_FORMAT = "dwarf-with-dsym";
				ENABLE_NS_ASSERTIONS = NO;
				ENABLE_STRICT_OBJC_MSGSEND = YES;
				GCC_C_LANGUAGE_STANDARD = gnu11;
				GCC_NO_COMMON_BLOCKS = YES;
				GCC_WARN_64_TO_32_BIT_CONVERSION = YES;
				GCC_WARN_ABOUT_RETURN_TYPE = YES_ERROR;
				GCC_WARN_UNDECLARED_SELECTOR = YES;
				GCC_WARN_UNINITIALIZED_AUTOS = YES_AGGRESSIVE;
				GCC_WARN_UNUSED_FUNCTION = YES;
				GCC_WARN_UNUSED_VARIABLE = YES;
				IPHONEOS_DEPLOYMENT_TARGET = 14.4;
				MTL_ENABLE_DEBUG_INFO = NO;
				MTL_FAST_MATH = YES;
				SDKROOT = iphoneos;
				SWIFT_COMPILATION_MODE = wholemodule;
				SWIFT_OPTIMIZATION_LEVEL = "-O";
				VALIDATE_PRODUCT = YES;
			};
			name = Release;
		};
		CEEC67FE266F5D0A00678948 /* Debug */ = {
			isa = XCBuildConfiguration;
			buildSettings = {
				ASSETCATALOG_COMPILER_APPICON_NAME = AppIcon;
				ASSETCATALOG_COMPILER_GLOBAL_ACCENT_COLOR_NAME = AccentColor;
				CODE_SIGN_STYLE = Automatic;
				INFOPLIST_FILE = Calculater_Pavlov/Info.plist;
				LD_RUNPATH_SEARCH_PATHS = (
					"$(inherited)",
					"@executable_path/Frameworks",
				);
				PRODUCT_BUNDLE_IDENTIFIER = "ru.kuznetsovka.Calculater-Pavlov";
				PRODUCT_NAME = "$(TARGET_NAME)";
				SWIFT_VERSION = 5.0;
				TARGETED_DEVICE_FAMILY = "1,2";
			};
			name = Debug;
		};
		CEEC67FF266F5D0A00678948 /* Release */ = {
			isa = XCBuildConfiguration;
			buildSettings = {
				ASSETCATALOG_COMPILER_APPICON_NAME = AppIcon;
				ASSETCATALOG_COMPILER_GLOBAL_ACCENT_COLOR_NAME = AccentColor;
				CODE_SIGN_STYLE = Automatic;
				INFOPLIST_FILE = Calculater_Pavlov/Info.plist;
				LD_RUNPATH_SEARCH_PATHS = (
					"$(inherited)",
					"@executable_path/Frameworks",
				);
				PRODUCT_BUNDLE_IDENTIFIER = "ru.kuznetsovka.Calculater-Pavlov";
				PRODUCT_NAME = "$(TARGET_NAME)";
				SWIFT_VERSION = 5.0;
				TARGETED_DEVICE_FAMILY = "1,2";
			};
			name = Release;
		};
/* End XCBuildConfiguration section */

/* Begin XCConfigurationList section */
		CEEC67E4266F5D0900678948 /* Build configuration list for PBXProject "Calculater_Pavlov" */ = {
			isa = XCConfigurationList;
			buildConfigurations = (
				CEEC67FB266F5D0A00678948 /* Debug */,
				CEEC67FC266F5D0A00678948 /* Release */,
			);
			defaultConfigurationIsVisible = 0;
			defaultConfigurationName = Release;
		};
		CEEC67FD266F5D0A00678948 /* Build configuration list for PBXNativeTarget "Calculater_Pavlov" */ = {
			isa = XCConfigurationList;
			buildConfigurations = (
				CEEC67FE266F5D0A00678948 /* Debug */,
				CEEC67FF266F5D0A00678948 /* Release */,
			);
			defaultConfigurationIsVisible = 0;
			defaultConfigurationName = Release;
		};
/* End XCConfigurationList section */
	};
	rootObject = CEEC67E1266F5D0900678948 /* Project object */;
}
